<Solution>
  <Project Path="InteriorCostEstimator.APIs/InteriorCostEstimator.APIs.csproj" />
  <Project Path="InteriorCostEstimator.Application/InteriorCostEstimator.Application.csproj" />
  <Project Path="InteriorCostEstimator.Domain/InteriorCostEstimator.Domain.csproj" />
  <Project Path="InteriorCostEstimator.Infrastructure/InteriorCostEstimator.Infrastructure.csproj" />
  <Project Path="InteriorCostEstimator.UnitTests/InteriorCostEstimator.UnitTests.csproj" />
</Solution>
